
Microsoft Visual Studio Solution File, Format Version 12.00
# Visual Studio Version 17
VisualStudioVersion = 17.0.32014.148
MinimumVisualStudioVersion = 10.0.40219.1
Project("{9A19103F-16F7-4668-BE54-9A1E7A4F7556}") = "BilibiliLiver", "BilibiliLiver\BilibiliLiver.csproj", "{405E07EE-4277-465C-8D27-42EAD6F74701}"
EndProject
Project("{9A19103F-16F7-4668-BE54-9A1E7A4F7556}") = "BilibiliLiverTests", "BilibiliLiverTests\BilibiliLiverTests.csproj", "{28F0ACCC-571A-4F28-B86D-E4EDD004ADC1}"
EndProject
Project("{9A19103F-16F7-4668-BE54-9A1E7A4F7556}") = "BilibiliLiveAreaTool", "BilibiliLiveAreaTool\BilibiliLiveAreaTool.csproj", "{ACCB5EDC-D1A1-4B3A-9267-CE1FB8EE949B}"
EndProject
Project("{9A19103F-16F7-4668-BE54-9A1E7A4F7556}") = "BilibiliLiveMonitor", "BilibiliLiveMonitor\BilibiliLiveMonitor.csproj", "{6D163A52-44D2-4BA8-BC40-3B15FCC6E52E}"
EndProject
Project("{9A19103F-16F7-4668-BE54-9A1E7A4F7556}") = "BilibiliLiveCommon", "BilibiliLiveCommon\BilibiliLiveCommon.csproj", "{42D02825-BB33-43AB-B798-07017B205DF2}"
EndProject
Project("{FAE04EC0-301F-11D3-BF4B-00C04F79EFBC}") = "BilibiliAutoLiver", "BilibiliAutoLiver\BilibiliAutoLiver.csproj", "{D8BB8AAA-89E0-4F35-8450-E164F1EB2BC0}"
EndProject
Global
	GlobalSection(SolutionConfigurationPlatforms) = preSolution
		Debug|Any CPU = Debug|Any CPU
		Release|Any CPU = Release|Any CPU
	EndGlobalSection
	GlobalSection(ProjectConfigurationPlatforms) = postSolution
		{405E07EE-4277-465C-8D27-42EAD6F74701}.Debug|Any CPU.ActiveCfg = Debug|Any CPU
		{405E07EE-4277-465C-8D27-42EAD6F74701}.Debug|Any CPU.Build.0 = Debug|Any CPU
		{405E07EE-4277-465C-8D27-42EAD6F74701}.Release|Any CPU.ActiveCfg = Release|Any CPU
		{405E07EE-4277-465C-8D27-42EAD6F74701}.Release|Any CPU.Build.0 = Release|Any CPU
		{28F0ACCC-571A-4F28-B86D-E4EDD004ADC1}.Debug|Any CPU.ActiveCfg = Debug|Any CPU
		{28F0ACCC-571A-4F28-B86D-E4EDD004ADC1}.Debug|Any CPU.Build.0 = Debug|Any CPU
		{28F0ACCC-571A-4F28-B86D-E4EDD004ADC1}.Release|Any CPU.ActiveCfg = Release|Any CPU
		{28F0ACCC-571A-4F28-B86D-E4EDD004ADC1}.Release|Any CPU.Build.0 = Release|Any CPU
		{ACCB5EDC-D1A1-4B3A-9267-CE1FB8EE949B}.Debug|Any CPU.ActiveCfg = Debug|Any CPU
		{ACCB5EDC-D1A1-4B3A-9267-CE1FB8EE949B}.Debug|Any CPU.Build.0 = Debug|Any CPU
		{ACCB5EDC-D1A1-4B3A-9267-CE1FB8EE949B}.Release|Any CPU.ActiveCfg = Release|Any CPU
		{ACCB5EDC-D1A1-4B3A-9267-CE1FB8EE949B}.Release|Any CPU.Build.0 = Release|Any CPU
		{6D163A52-44D2-4BA8-BC40-3B15FCC6E52E}.Debug|Any CPU.ActiveCfg = Debug|Any CPU
		{6D163A52-44D2-4BA8-BC40-3B15FCC6E52E}.Debug|Any CPU.Build.0 = Debug|Any CPU
		{6D163A52-44D2-4BA8-BC40-3B15FCC6E52E}.Release|Any CPU.ActiveCfg = Release|Any CPU
		{6D163A52-44D2-4BA8-BC40-3B15FCC6E52E}.Release|Any CPU.Build.0 = Release|Any CPU
		{42D02825-BB33-43AB-B798-07017B205DF2}.Debug|Any CPU.ActiveCfg = Debug|Any CPU
		{42D02825-BB33-43AB-B798-07017B205DF2}.Debug|Any CPU.Build.0 = Debug|Any CPU
		{42D02825-BB33-43AB-B798-07017B205DF2}.Release|Any CPU.ActiveCfg = Release|Any CPU
		{42D02825-BB33-43AB-B798-07017B205DF2}.Release|Any CPU.Build.0 = Release|Any CPU
		{D8BB8AAA-89E0-4F35-8450-E164F1EB2BC0}.Debug|Any CPU.ActiveCfg = Debug|Any CPU
		{D8BB8AAA-89E0-4F35-8450-E164F1EB2BC0}.Debug|Any CPU.Build.0 = Debug|Any CPU
		{D8BB8AAA-89E0-4F35-8450-E164F1EB2BC0}.Release|Any CPU.ActiveCfg = Release|Any CPU
		{D8BB8AAA-89E0-4F35-8450-E164F1EB2BC0}.Release|Any CPU.Build.0 = Release|Any CPU
	EndGlobalSection
	GlobalSection(SolutionProperties) = preSolution
		HideSolutionNode = FALSE
	EndGlobalSection
	GlobalSection(ExtensibilityGlobals) = postSolution
		SolutionGuid = {67B37021-17F7-4C68-AB36-C2BB02852BCE}
	EndGlobalSection
EndGlobal
