
Microsoft Visual Studio Solution File, Format Version 12.00
# Visual Studio Version 17
VisualStudioVersion = 17.0.32014.148
MinimumVisualStudioVersion = 10.0.40219.1
Project("{9A19103F-16F7-4668-BE54-9A1E7A4F7556}") = "BilibiliAutoLiver", "BilibiliAutoLiver\BilibiliAutoLiver.csproj", "{D8BB8AAA-89E0-4F35-8450-E164F1EB2BC0}"
	ProjectSection(ProjectDependencies) = postProject
		{A2BA2D26-87DA-4089-A559-420EBACAD9D1} = {A2BA2D26-87DA-4089-A559-420EBACAD9D1}
	EndProjectSection
EndProject
Project("{9A19103F-16F7-4668-BE54-9A1E7A4F7556}") = "Bilibili.AspNetCore.Apis", "Bilibili.AspNetCore.Apis\Bilibili.AspNetCore.Apis.csproj", "{18517CD0-65FA-49B7-9CA6-350AC40FC3F1}"
EndProject
Project("{9A19103F-16F7-4668-BE54-9A1E7A4F7556}") = "BilibiliAutoLiver.Plugin.Base", "BilibiliAutoLiver.Plugin.Base\BilibiliAutoLiver.Plugin.Base.csproj", "{97566CD2-E90B-499A-A74F-003E85E1D769}"
EndProject
Project("{2150E333-8FDC-42A3-9474-1A3956D46DE8}") = "Plugins", "Plugins", "{5237B7F3-7522-4631-99FF-02DD77528377}"
EndProject
Project("{9A19103F-16F7-4668-BE54-9A1E7A4F7556}") = "BilibiliAutoLiver.Plugin.YoloAI", "BilibiliAutoLiver.Plugin.YoloAI\BilibiliAutoLiver.Plugin.YoloAI.csproj", "{A2BA2D26-87DA-4089-A559-420EBACAD9D1}"
EndProject
Project("{9A19103F-16F7-4668-BE54-9A1E7A4F7556}") = "BilibiliAutoLiverTests", "BilibiliAutoLiverTests\BilibiliAutoLiverTests.csproj", "{23E418E0-8D53-48FE-81BF-A81B9B6F960B}"
EndProject
Global
	GlobalSection(SolutionConfigurationPlatforms) = preSolution
		Debug|Any CPU = Debug|Any CPU
		Release|Any CPU = Release|Any CPU
	EndGlobalSection
	GlobalSection(ProjectConfigurationPlatforms) = postSolution
		{D8BB8AAA-89E0-4F35-8450-E164F1EB2BC0}.Debug|Any CPU.ActiveCfg = Debug|Any CPU
		{D8BB8AAA-89E0-4F35-8450-E164F1EB2BC0}.Debug|Any CPU.Build.0 = Debug|Any CPU
		{D8BB8AAA-89E0-4F35-8450-E164F1EB2BC0}.Release|Any CPU.ActiveCfg = Release|Any CPU
		{D8BB8AAA-89E0-4F35-8450-E164F1EB2BC0}.Release|Any CPU.Build.0 = Release|Any CPU
		{18517CD0-65FA-49B7-9CA6-350AC40FC3F1}.Debug|Any CPU.ActiveCfg = Debug|Any CPU
		{18517CD0-65FA-49B7-9CA6-350AC40FC3F1}.Debug|Any CPU.Build.0 = Debug|Any CPU
		{18517CD0-65FA-49B7-9CA6-350AC40FC3F1}.Release|Any CPU.ActiveCfg = Release|Any CPU
		{18517CD0-65FA-49B7-9CA6-350AC40FC3F1}.Release|Any CPU.Build.0 = Release|Any CPU
		{97566CD2-E90B-499A-A74F-003E85E1D769}.Debug|Any CPU.ActiveCfg = Debug|Any CPU
		{97566CD2-E90B-499A-A74F-003E85E1D769}.Debug|Any CPU.Build.0 = Debug|Any CPU
		{97566CD2-E90B-499A-A74F-003E85E1D769}.Release|Any CPU.ActiveCfg = Release|Any CPU
		{97566CD2-E90B-499A-A74F-003E85E1D769}.Release|Any CPU.Build.0 = Release|Any CPU
		{A2BA2D26-87DA-4089-A559-420EBACAD9D1}.Debug|Any CPU.ActiveCfg = Debug|Any CPU
		{A2BA2D26-87DA-4089-A559-420EBACAD9D1}.Debug|Any CPU.Build.0 = Debug|Any CPU
		{A2BA2D26-87DA-4089-A559-420EBACAD9D1}.Release|Any CPU.ActiveCfg = Release|Any CPU
		{A2BA2D26-87DA-4089-A559-420EBACAD9D1}.Release|Any CPU.Build.0 = Release|Any CPU
		{23E418E0-8D53-48FE-81BF-A81B9B6F960B}.Debug|Any CPU.ActiveCfg = Debug|Any CPU
		{23E418E0-8D53-48FE-81BF-A81B9B6F960B}.Debug|Any CPU.Build.0 = Debug|Any CPU
		{23E418E0-8D53-48FE-81BF-A81B9B6F960B}.Release|Any CPU.ActiveCfg = Release|Any CPU
		{23E418E0-8D53-48FE-81BF-A81B9B6F960B}.Release|Any CPU.Build.0 = Release|Any CPU
	EndGlobalSection
	GlobalSection(SolutionProperties) = preSolution
		HideSolutionNode = FALSE
	EndGlobalSection
	GlobalSection(NestedProjects) = preSolution
		{97566CD2-E90B-499A-A74F-003E85E1D769} = {5237B7F3-7522-4631-99FF-02DD77528377}
		{A2BA2D26-87DA-4089-A559-420EBACAD9D1} = {5237B7F3-7522-4631-99FF-02DD77528377}
	EndGlobalSection
	GlobalSection(ExtensibilityGlobals) = postSolution
		SolutionGuid = {67B37021-17F7-4C68-AB36-C2BB02852BCE}
	EndGlobalSection
EndGlobal
