
Microsoft Visual Studio Solution File, Format Version 12.00
# Visual Studio Version 17
VisualStudioVersion = 17.0.32014.148
MinimumVisualStudioVersion = 10.0.40219.1
Project("{9A19103F-16F7-4668-BE54-9A1E7A4F7556}") = "BilibiliLiverTests", "BilibiliLiverTests\BilibiliLiverTests.csproj", "{28F0ACCC-571A-4F28-B86D-E4EDD004ADC1}"
EndProject
Project("{9A19103F-16F7-4668-BE54-9A1E7A4F7556}") = "BilibiliAutoLiver", "BilibiliAutoLiver\BilibiliAutoLiver.csproj", "{D8BB8AAA-89E0-4F35-8450-E164F1EB2BC0}"
EndProject
Project("{FAE04EC0-301F-11D3-BF4B-00C04F79EFBC}") = "BilibiliLive.Tool.UpdateArea", "BilibiliLive.Tool.UpdateArea\BilibiliLive.Tool.UpdateArea.csproj", "{B0C4C98B-21EE-4156-9339-45B49474C34C}"
EndProject
Project("{FAE04EC0-301F-11D3-BF4B-00C04F79EFBC}") = "BilibiliLive.Tool.Monitor", "BilibiliLive.Tool.Monitor\BilibiliLive.Tool.Monitor.csproj", "{2FDC01E0-1941-4973-9AE4-3B135B9711AF}"
EndProject
Project("{FAE04EC0-301F-11D3-BF4B-00C04F79EFBC}") = "Bilibili.AspNetCore.Apis", "Bilibili.AspNetCore.Apis\Bilibili.AspNetCore.Apis.csproj", "{18517CD0-65FA-49B7-9CA6-350AC40FC3F1}"
EndProject
Global
	GlobalSection(SolutionConfigurationPlatforms) = preSolution
		Debug|Any CPU = Debug|Any CPU
		Release|Any CPU = Release|Any CPU
	EndGlobalSection
	GlobalSection(ProjectConfigurationPlatforms) = postSolution
		{28F0ACCC-571A-4F28-B86D-E4EDD004ADC1}.Debug|Any CPU.ActiveCfg = Debug|Any CPU
		{28F0ACCC-571A-4F28-B86D-E4EDD004ADC1}.Debug|Any CPU.Build.0 = Debug|Any CPU
		{28F0ACCC-571A-4F28-B86D-E4EDD004ADC1}.Release|Any CPU.ActiveCfg = Release|Any CPU
		{28F0ACCC-571A-4F28-B86D-E4EDD004ADC1}.Release|Any CPU.Build.0 = Release|Any CPU
		{D8BB8AAA-89E0-4F35-8450-E164F1EB2BC0}.Debug|Any CPU.ActiveCfg = Debug|Any CPU
		{D8BB8AAA-89E0-4F35-8450-E164F1EB2BC0}.Debug|Any CPU.Build.0 = Debug|Any CPU
		{D8BB8AAA-89E0-4F35-8450-E164F1EB2BC0}.Release|Any CPU.ActiveCfg = Release|Any CPU
		{D8BB8AAA-89E0-4F35-8450-E164F1EB2BC0}.Release|Any CPU.Build.0 = Release|Any CPU
		{B0C4C98B-21EE-4156-9339-45B49474C34C}.Debug|Any CPU.ActiveCfg = Debug|Any CPU
		{B0C4C98B-21EE-4156-9339-45B49474C34C}.Debug|Any CPU.Build.0 = Debug|Any CPU
		{B0C4C98B-21EE-4156-9339-45B49474C34C}.Release|Any CPU.ActiveCfg = Release|Any CPU
		{B0C4C98B-21EE-4156-9339-45B49474C34C}.Release|Any CPU.Build.0 = Release|Any CPU
		{2FDC01E0-1941-4973-9AE4-3B135B9711AF}.Debug|Any CPU.ActiveCfg = Debug|Any CPU
		{2FDC01E0-1941-4973-9AE4-3B135B9711AF}.Debug|Any CPU.Build.0 = Debug|Any CPU
		{2FDC01E0-1941-4973-9AE4-3B135B9711AF}.Release|Any CPU.ActiveCfg = Release|Any CPU
		{2FDC01E0-1941-4973-9AE4-3B135B9711AF}.Release|Any CPU.Build.0 = Release|Any CPU
		{18517CD0-65FA-49B7-9CA6-350AC40FC3F1}.Debug|Any CPU.ActiveCfg = Debug|Any CPU
		{18517CD0-65FA-49B7-9CA6-350AC40FC3F1}.Debug|Any CPU.Build.0 = Debug|Any CPU
		{18517CD0-65FA-49B7-9CA6-350AC40FC3F1}.Release|Any CPU.ActiveCfg = Release|Any CPU
		{18517CD0-65FA-49B7-9CA6-350AC40FC3F1}.Release|Any CPU.Build.0 = Release|Any CPU
	EndGlobalSection
	GlobalSection(SolutionProperties) = preSolution
		HideSolutionNode = FALSE
	EndGlobalSection
	GlobalSection(ExtensibilityGlobals) = postSolution
		SolutionGuid = {67B37021-17F7-4C68-AB36-C2BB02852BCE}
	EndGlobalSection
EndGlobal
